
Microsoft Visual Studio Solution File, Format Version 12.00
# Visual Studio Version 17
VisualStudioVersion = 17.0.31903.59
MinimumVisualStudioVersion = 10.0.40219.1
Project("{FAE04EC0-301F-11D3-BF4B-00C04F79EFBC}") = "PrimeService", "PrimeService\PrimeService.csproj", "{DBDB2797-2376-4A28-B631-1878E1EE9D21}"
EndProject
Project("{FAE04EC0-301F-11D3-BF4B-00C04F79EFBC}") = "PrimeService.Tests", "PrimeService.Tests\PrimeService.Tests.csproj", "{7207C6C0-3918-4059-A46B-7D8006C222AB}"
EndProject
Global
	GlobalSection(SolutionConfigurationPlatforms) = preSolution
		Debug|Any CPU = Debug|Any CPU
		Release|Any CPU = Release|Any CPU
	EndGlobalSection
	GlobalSection(SolutionProperties) = preSolution
		HideSolutionNode = FALSE
	EndGlobalSection
	GlobalSection(ProjectConfigurationPlatforms) = postSolution
		{DBDB2797-2376-4A28-B631-1878E1EE9D21}.Debug|Any CPU.ActiveCfg = Debug|Any CPU
		{DBDB2797-2376-4A28-B631-1878E1EE9D21}.Debug|Any CPU.Build.0 = Debug|Any CPU
		{DBDB2797-2376-4A28-B631-1878E1EE9D21}.Release|Any CPU.ActiveCfg = Release|Any CPU
		{DBDB2797-2376-4A28-B631-1878E1EE9D21}.Release|Any CPU.Build.0 = Release|Any CPU
		{7207C6C0-3918-4059-A46B-7D8006C222AB}.Debug|Any CPU.ActiveCfg = Debug|Any CPU
		{7207C6C0-3918-4059-A46B-7D8006C222AB}.Debug|Any CPU.Build.0 = Debug|Any CPU
		{7207C6C0-3918-4059-A46B-7D8006C222AB}.Release|Any CPU.ActiveCfg = Release|Any CPU
		{7207C6C0-3918-4059-A46B-7D8006C222AB}.Release|Any CPU.Build.0 = Release|Any CPU
	EndGlobalSection
EndGlobal
